
Microsoft Visual Studio Solution File, Format Version 12.00
# Visual Studio Version 17
VisualStudioVersion = 17.0.32112.339
MinimumVisualStudioVersion = 10.0.40219.1
Project("{FAE04EC0-301F-11D3-BF4B-00C04F79EFBC}") = "Moon_task", "Moon_task\Moon_task.csproj", "{27E4AFC2-0988-4C6A-AE26-6409E041FFEE}"
EndProject
Global
	GlobalSection(SolutionConfigurationPlatforms) = preSolution
		Debug|Any CPU = Debug|Any CPU
		Release|Any CPU = Release|Any CPU
	EndGlobalSection
	GlobalSection(ProjectConfigurationPlatforms) = postSolution
		{27E4AFC2-0988-4C6A-AE26-6409E041FFEE}.Debug|Any CPU.ActiveCfg = Debug|Any CPU
		{27E4AFC2-0988-4C6A-AE26-6409E041FFEE}.Debug|Any CPU.Build.0 = Debug|Any CPU
		{27E4AFC2-0988-4C6A-AE26-6409E041FFEE}.Release|Any CPU.ActiveCfg = Release|Any CPU
		{27E4AFC2-0988-4C6A-AE26-6409E041FFEE}.Release|Any CPU.Build.0 = Release|Any CPU
	EndGlobalSection
	GlobalSection(SolutionProperties) = preSolution
		HideSolutionNode = FALSE
	EndGlobalSection
	GlobalSection(ExtensibilityGlobals) = postSolution
		SolutionGuid = {54836230-66F7-44F0-B4F2-54748A0C1241}
	EndGlobalSection
EndGlobal
